
Microsoft Visual Studio Solution File, Format Version 12.00
# Visual Studio 2012
Project("{8BC9CEB8-8B4A-11D0-8D11-00A0C91BC942}") = "compiler_1", "compiler_1\compiler_1.vcxproj", "{E607299A-55F4-459E-A14A-C6D6B33B1DFD}"
EndProject
Global
	GlobalSection(SolutionConfigurationPlatforms) = preSolution
		Debug|Win32 = Debug|Win32
		Release|Win32 = Release|Win32
	EndGlobalSection
	GlobalSection(ProjectConfigurationPlatforms) = postSolution
		{E607299A-55F4-459E-A14A-C6D6B33B1DFD}.Debug|Win32.ActiveCfg = Debug|Win32
		{E607299A-55F4-459E-A14A-C6D6B33B1DFD}.Debug|Win32.Build.0 = Debug|Win32
		{E607299A-55F4-459E-A14A-C6D6B33B1DFD}.Release|Win32.ActiveCfg = Release|Win32
		{E607299A-55F4-459E-A14A-C6D6B33B1DFD}.Release|Win32.Build.0 = Release|Win32
	EndGlobalSection
	GlobalSection(SolutionProperties) = preSolution
		HideSolutionNode = FALSE
	EndGlobalSection
EndGlobal
